// !$*UTF8*$!
{
	archiveVersion = 1;
	classes = {
	};
	objectVersion = 55;
	objects = {

/* Begin PBXBuildFile section */
		9737478928314EC3000825F5 /* AppDelegate.swift in Sources */ = {isa = PBXBuildFile; fileRef = 9737478828314EC3000825F5 /* AppDelegate.swift */; };
		9737478B28314EC3000825F5 /* SceneDelegate.swift in Sources */ = {isa = PBXBuildFile; fileRef = 9737478A28314EC3000825F5 /* SceneDelegate.swift */; };
		9737478D28314EC3000825F5 /* ViewController.swift in Sources */ = {isa = PBXBuildFile; fileRef = 9737478C28314EC3000825F5 /* ViewController.swift */; };
		9737479028314EC3000825F5 /* Main.storyboard in Resources */ = {isa = PBXBuildFile; fileRef = 9737478E28314EC3000825F5 /* Main.storyboard */; };
		9737479228314EC5000825F5 /* Assets.xcassets in Resources */ = {isa = PBXBuildFile; fileRef = 9737479128314EC5000825F5 /* Assets.xcassets */; };
		9737479528314EC5000825F5 /* LaunchScreen.storyboard in Resources */ = {isa = PBXBuildFile; fileRef = 9737479328314EC5000825F5 /* LaunchScreen.storyboard */; };
		973747A028314EC5000825F5 /* tryingOperationd_HW21Tests.swift in Sources */ = {isa = PBXBuildFile; fileRef = 9737479F28314EC5000825F5 /* tryingOperationd_HW21Tests.swift */; };
		973747AA28314EC5000825F5 /* tryingOperationd_HW21UITests.swift in Sources */ = {isa = PBXBuildFile; fileRef = 973747A928314EC5000825F5 /* tryingOperationd_HW21UITests.swift */; };
		973747AC28314EC5000825F5 /* tryingOperationd_HW21UITestsLaunchTests.swift in Sources */ = {isa = PBXBuildFile; fileRef = 973747AB28314EC5000825F5 /* tryingOperationd_HW21UITestsLaunchTests.swift */; };
/* End PBXBuildFile section */

/* Begin PBXContainerItemProxy section */
		9737479C28314EC5000825F5 /* PBXContainerItemProxy */ = {
			isa = PBXContainerItemProxy;
			containerPortal = 9737477D28314EC3000825F5 /* Project object */;
			proxyType = 1;
			remoteGlobalIDString = 9737478428314EC3000825F5;
			remoteInfo = tryingOperationd.HW21;
		};
		973747A628314EC5000825F5 /* PBXContainerItemProxy */ = {
			isa = PBXContainerItemProxy;
			containerPortal = 9737477D28314EC3000825F5 /* Project object */;
			proxyType = 1;
			remoteGlobalIDString = 9737478428314EC3000825F5;
			remoteInfo = tryingOperationd.HW21;
		};
/* End PBXContainerItemProxy section */

/* Begin PBXFileReference section */
		9737478528314EC3000825F5 /* tryingOperationd.HW21.app */ = {isa = PBXFileReference; explicitFileType = wrapper.application; includeInIndex = 0; path = tryingOperationd.HW21.app; sourceTree = BUILT_PRODUCTS_DIR; };
		9737478828314EC3000825F5 /* AppDelegate.swift */ = {isa = PBXFileReference; lastKnownFileType = sourcecode.swift; path = AppDelegate.swift; sourceTree = "<group>"; };
		9737478A28314EC3000825F5 /* SceneDelegate.swift */ = {isa = PBXFileReference; lastKnownFileType = sourcecode.swift; path = SceneDelegate.swift; sourceTree = "<group>"; };
		9737478C28314EC3000825F5 /* ViewController.swift */ = {isa = PBXFileReference; lastKnownFileType = sourcecode.swift; path = ViewController.swift; sourceTree = "<group>"; };
		9737478F28314EC3000825F5 /* Base */ = {isa = PBXFileReference; lastKnownFileType = file.storyboard; name = Base; path = Base.lproj/Main.storyboard; sourceTree = "<group>"; };
		9737479128314EC5000825F5 /* Assets.xcassets */ = {isa = PBXFileReference; lastKnownFileType = folder.assetcatalog; path = Assets.xcassets; sourceTree = "<group>"; };
		9737479428314EC5000825F5 /* Base */ = {isa = PBXFileReference; lastKnownFileType = file.storyboard; name = Base; path = Base.lproj/LaunchScreen.storyboard; sourceTree = "<group>"; };
		9737479628314EC5000825F5 /* Info.plist */ = {isa = PBXFileReference; lastKnownFileType = text.plist.xml; path = Info.plist; sourceTree = "<group>"; };
		9737479B28314EC5000825F5 /* tryingOperationd.HW21Tests.xctest */ = {isa = PBXFileReference; explicitFileType = wrapper.cfbundle; includeInIndex = 0; path = tryingOperationd.HW21Tests.xctest; sourceTree = BUILT_PRODUCTS_DIR; };
		9737479F28314EC5000825F5 /* tryingOperationd_HW21Tests.swift */ = {isa = PBXFileReference; lastKnownFileType = sourcecode.swift; path = tryingOperationd_HW21Tests.swift; sourceTree = "<group>"; };
		973747A528314EC5000825F5 /* tryingOperationd.HW21UITests.xctest */ = {isa = PBXFileReference; explicitFileType = wrapper.cfbundle; includeInIndex = 0; path = tryingOperationd.HW21UITests.xctest; sourceTree = BUILT_PRODUCTS_DIR; };
		973747A928314EC5000825F5 /* tryingOperationd_HW21UITests.swift */ = {isa = PBXFileReference; lastKnownFileType = sourcecode.swift; path = tryingOperationd_HW21UITests.swift; sourceTree = "<group>"; };
		973747AB28314EC5000825F5 /* tryingOperationd_HW21UITestsLaunchTests.swift */ = {isa = PBXFileReference; lastKnownFileType = sourcecode.swift; path = tryingOperationd_HW21UITestsLaunchTests.swift; sourceTree = "<group>"; };
/* End PBXFileReference section */

/* Begin PBXFrameworksBuildPhase section */
		9737478228314EC3000825F5 /* Frameworks */ = {
			isa = PBXFrameworksBuildPhase;
			buildActionMask = 2147483647;
			files = (
			);
			runOnlyForDeploymentPostprocessing = 0;
		};
		9737479828314EC5000825F5 /* Frameworks */ = {
			isa = PBXFrameworksBuildPhase;
			buildActionMask = 2147483647;
			files = (
			);
			runOnlyForDeploymentPostprocessing = 0;
		};
		973747A228314EC5000825F5 /* Frameworks */ = {
			isa = PBXFrameworksBuildPhase;
			buildActionMask = 2147483647;
			files = (
			);
			runOnlyForDeploymentPostprocessing = 0;
		};
/* End PBXFrameworksBuildPhase section */

/* Begin PBXGroup section */
		9737477C28314EC3000825F5 = {
			isa = PBXGroup;
			children = (
				9737478728314EC3000825F5 /* tryingOperationd.HW21 */,
				9737479E28314EC5000825F5 /* tryingOperationd.HW21Tests */,
				973747A828314EC5000825F5 /* tryingOperationd.HW21UITests */,
				9737478628314EC3000825F5 /* Products */,
			);
			sourceTree = "<group>";
		};
		9737478628314EC3000825F5 /* Products */ = {
			isa = PBXGroup;
			children = (
				9737478528314EC3000825F5 /* tryingOperationd.HW21.app */,
				9737479B28314EC5000825F5 /* tryingOperationd.HW21Tests.xctest */,
				973747A528314EC5000825F5 /* tryingOperationd.HW21UITests.xctest */,
			);
			name = Products;
			sourceTree = "<group>";
		};
		9737478728314EC3000825F5 /* tryingOperationd.HW21 */ = {
			isa = PBXGroup;
			children = (
				9737478828314EC3000825F5 /* AppDelegate.swift */,
				9737478A28314EC3000825F5 /* SceneDelegate.swift */,
				9737478C28314EC3000825F5 /* ViewController.swift */,
				9737478E28314EC3000825F5 /* Main.storyboard */,
				9737479128314EC5000825F5 /* Assets.xcassets */,
				9737479328314EC5000825F5 /* LaunchScreen.storyboard */,
				9737479628314EC5000825F5 /* Info.plist */,
			);
			path = tryingOperationd.HW21;
			sourceTree = "<group>";
		};
		9737479E28314EC5000825F5 /* tryingOperationd.HW21Tests */ = {
			isa = PBXGroup;
			children = (
				9737479F28314EC5000825F5 /* tryingOperationd_HW21Tests.swift */,
			);
			path = tryingOperationd.HW21Tests;
			sourceTree = "<group>";
		};
		973747A828314EC5000825F5 /* tryingOperationd.HW21UITests */ = {
			isa = PBXGroup;
			children = (
				973747A928314EC5000825F5 /* tryingOperationd_HW21UITests.swift */,
				973747AB28314EC5000825F5 /* tryingOperationd_HW21UITestsLaunchTests.swift */,
			);
			path = tryingOperationd.HW21UITests;
			sourceTree = "<group>";
		};
/* End PBXGroup section */

/* Begin PBXNativeTarget section */
		9737478428314EC3000825F5 /* tryingOperationd.HW21 */ = {
			isa = PBXNativeTarget;
			buildConfigurationList = 973747AF28314EC5000825F5 /* Build configuration list for PBXNativeTarget "tryingOperationd.HW21" */;
			buildPhases = (
				9737478128314EC3000825F5 /* Sources */,
				9737478228314EC3000825F5 /* Frameworks */,
				9737478328314EC3000825F5 /* Resources */,
			);
			buildRules = (
			);
			dependencies = (
			);
			name = tryingOperationd.HW21;
			productName = tryingOperationd.HW21;
			productReference = 9737478528314EC3000825F5 /* tryingOperationd.HW21.app */;
			productType = "com.apple.product-type.application";
		};
		9737479A28314EC5000825F5 /* tryingOperationd.HW21Tests */ = {
			isa = PBXNativeTarget;
			buildConfigurationList = 973747B228314EC5000825F5 /* Build configuration list for PBXNativeTarget "tryingOperationd.HW21Tests" */;
			buildPhases = (
				9737479728314EC5000825F5 /* Sources */,
				9737479828314EC5000825F5 /* Frameworks */,
				9737479928314EC5000825F5 /* Resources */,
			);
			buildRules = (
			);
			dependencies = (
				9737479D28314EC5000825F5 /* PBXTargetDependency */,
			);
			name = tryingOperationd.HW21Tests;
			productName = tryingOperationd.HW21Tests;
			productReference = 9737479B28314EC5000825F5 /* tryingOperationd.HW21Tests.xctest */;
			productType = "com.apple.product-type.bundle.unit-test";
		};
		973747A428314EC5000825F5 /* tryingOperationd.HW21UITests */ = {
			isa = PBXNativeTarget;
			buildConfigurationList = 973747B528314EC5000825F5 /* Build configuration list for PBXNativeTarget "tryingOperationd.HW21UITests" */;
			buildPhases = (
				973747A128314EC5000825F5 /* Sources */,
				973747A228314EC5000825F5 /* Frameworks */,
				973747A328314EC5000825F5 /* Resources */,
			);
			buildRules = (
			);
			dependencies = (
				973747A728314EC5000825F5 /* PBXTargetDependency */,
			);
			name = tryingOperationd.HW21UITests;
			productName = tryingOperationd.HW21UITests;
			productReference = 973747A528314EC5000825F5 /* tryingOperationd.HW21UITests.xctest */;
			productType = "com.apple.product-type.bundle.ui-testing";
		};
/* End PBXNativeTarget section */

/* Begin PBXProject section */
		9737477D28314EC3000825F5 /* Project object */ = {
			isa = PBXProject;
			attributes = {
				BuildIndependentTargetsInParallel = 1;
				LastSwiftUpdateCheck = 1310;
				LastUpgradeCheck = 1310;
				TargetAttributes = {
					9737478428314EC3000825F5 = {
						CreatedOnToolsVersion = 13.1;
					};
					9737479A28314EC5000825F5 = {
						CreatedOnToolsVersion = 13.1;
						TestTargetID = 9737478428314EC3000825F5;
					};
					973747A428314EC5000825F5 = {
						CreatedOnToolsVersion = 13.1;
						TestTargetID = 9737478428314EC3000825F5;
					};
				};
			};
			buildConfigurationList = 9737478028314EC3000825F5 /* Build configuration list for PBXProject "tryingOperationd.HW21" */;
			compatibilityVersion = "Xcode 13.0";
			developmentRegion = en;
			hasScannedForEncodings = 0;
			knownRegions = (
				en,
				Base,
			);
			mainGroup = 9737477C28314EC3000825F5;
			productRefGroup = 9737478628314EC3000825F5 /* Products */;
			projectDirPath = "";
			projectRoot = "";
			targets = (
				9737478428314EC3000825F5 /* tryingOperationd.HW21 */,
				9737479A28314EC5000825F5 /* tryingOperationd.HW21Tests */,
				973747A428314EC5000825F5 /* tryingOperationd.HW21UITests */,
			);
		};
/* End PBXProject section */

/* Begin PBXResourcesBuildPhase section */
		9737478328314EC3000825F5 /* Resources */ = {
			isa = PBXResourcesBuildPhase;
			buildActionMask = 2147483647;
			files = (
				9737479528314EC5000825F5 /* LaunchScreen.storyboard in Resources */,
				9737479228314EC5000825F5 /* Assets.xcassets in Resources */,
				9737479028314EC3000825F5 /* Main.storyboard in Resources */,
			);
			runOnlyForDeploymentPostprocessing = 0;
		};
		9737479928314EC5000825F5 /* Resources */ = {
			isa = PBXResourcesBuildPhase;
			buildActionMask = 2147483647;
			files = (
			);
			runOnlyForDeploymentPostprocessing = 0;
		};
		973747A328314EC5000825F5 /* Resources */ = {
			isa = PBXResourcesBuildPhase;
			buildActionMask = 2147483647;
			files = (
			);
			runOnlyForDeploymentPostprocessing = 0;
		};
/* End PBXResourcesBuildPhase section */

/* Begin PBXSourcesBuildPhase section */
		9737478128314EC3000825F5 /* Sources */ = {
			isa = PBXSourcesBuildPhase;
			buildActionMask = 2147483647;
			files = (
				9737478D28314EC3000825F5 /* ViewController.swift in Sources */,
				9737478928314EC3000825F5 /* AppDelegate.swift in Sources */,
				9737478B28314EC3000825F5 /* SceneDelegate.swift in Sources */,
			);
			runOnlyForDeploymentPostprocessing = 0;
		};
		9737479728314EC5000825F5 /* Sources */ = {
			isa = PBXSourcesBuildPhase;
			buildActionMask = 2147483647;
			files = (
				973747A028314EC5000825F5 /* tryingOperationd_HW21Tests.swift in Sources */,
			);
			runOnlyForDeploymentPostprocessing = 0;
		};
		973747A128314EC5000825F5 /* Sources */ = {
			isa = PBXSourcesBuildPhase;
			buildActionMask = 2147483647;
			files = (
				973747AC28314EC5000825F5 /* tryingOperationd_HW21UITestsLaunchTests.swift in Sources */,
				973747AA28314EC5000825F5 /* tryingOperationd_HW21UITests.swift in Sources */,
			);
			runOnlyForDeploymentPostprocessing = 0;
		};
/* End PBXSourcesBuildPhase section */

/* Begin PBXTargetDependency section */
		9737479D28314EC5000825F5 /* PBXTargetDependency */ = {
			isa = PBXTargetDependency;
			target = 9737478428314EC3000825F5 /* tryingOperationd.HW21 */;
			targetProxy = 9737479C28314EC5000825F5 /* PBXContainerItemProxy */;
		};
		973747A728314EC5000825F5 /* PBXTargetDependency */ = {
			isa = PBXTargetDependency;
			target = 9737478428314EC3000825F5 /* tryingOperationd.HW21 */;
			targetProxy = 973747A628314EC5000825F5 /* PBXContainerItemProxy */;
		};
/* End PBXTargetDependency section */

/* Begin PBXVariantGroup section */
		9737478E28314EC3000825F5 /* Main.storyboard */ = {
			isa = PBXVariantGroup;
			children = (
				9737478F28314EC3000825F5 /* Base */,
			);
			name = Main.storyboard;
			sourceTree = "<group>";
		};
		9737479328314EC5000825F5 /* LaunchScreen.storyboard */ = {
			isa = PBXVariantGroup;
			children = (
				9737479428314EC5000825F5 /* Base */,
			);
			name = LaunchScreen.storyboard;
			sourceTree = "<group>";
		};
/* End PBXVariantGroup section */

/* Begin XCBuildConfiguration section */
		973747AD28314EC5000825F5 /* Debug */ = {
			isa = XCBuildConfiguration;
			buildSettings = {
				ALWAYS_SEARCH_USER_PATHS = NO;
				CLANG_ANALYZER_NONNULL = YES;
				CLANG_ANALYZER_NUMBER_OBJECT_CONVERSION = YES_AGGRESSIVE;
				CLANG_CXX_LANGUAGE_STANDARD = "gnu++17";
				CLANG_CXX_LIBRARY = "libc++";
				CLANG_ENABLE_MODULES = YES;
				CLANG_ENABLE_OBJC_ARC = YES;
				CLANG_ENABLE_OBJC_WEAK = YES;
				CLANG_WARN_BLOCK_CAPTURE_AUTORELEASING = YES;
				CLANG_WARN_BOOL_CONVERSION = YES;
				CLANG_WARN_COMMA = YES;
				CLANG_WARN_CONSTANT_CONVERSION = YES;
				CLANG_WARN_DEPRECATED_OBJC_IMPLEMENTATIONS = YES;
				CLANG_WARN_DIRECT_OBJC_ISA_USAGE = YES_ERROR;
				CLANG_WARN_DOCUMENTATION_COMMENTS = YES;
				CLANG_WARN_EMPTY_BODY = YES;
				CLANG_WARN_ENUM_CONVERSION = YES;
				CLANG_WARN_INFINITE_RECURSION = YES;
				CLANG_WARN_INT_CONVERSION = YES;
				CLANG_WARN_NON_LITERAL_NULL_CONVERSION = YES;
				CLANG_WARN_OBJC_IMPLICIT_RETAIN_SELF = YES;
				CLANG_WARN_OBJC_LITERAL_CONVERSION = YES;
				CLANG_WARN_OBJC_ROOT_CLASS = YES_ERROR;
				CLANG_WARN_QUOTED_INCLUDE_IN_FRAMEWORK_HEADER = YES;
				CLANG_WARN_RANGE_LOOP_ANALYSIS = YES;
				CLANG_WARN_STRICT_PROTOTYPES = YES;
				CLANG_WARN_SUSPICIOUS_MOVE = YES;
				CLANG_WARN_UNGUARDED_AVAILABILITY = YES_AGGRESSIVE;
				CLANG_WARN_UNREACHABLE_CODE = YES;
				CLANG_WARN__DUPLICATE_METHOD_MATCH = YES;
				COPY_PHASE_STRIP = NO;
				DEBUG_INFORMATION_FORMAT = dwarf;
				ENABLE_STRICT_OBJC_MSGSEND = YES;
				ENABLE_TESTABILITY = YES;
				GCC_C_LANGUAGE_STANDARD = gnu11;
				GCC_DYNAMIC_NO_PIC = NO;
				GCC_NO_COMMON_BLOCKS = YES;
				GCC_OPTIMIZATION_LEVEL = 0;
				GCC_PREPROCESSOR_DEFINITIONS = (
					"DEBUG=1",
					"$(inherited)",
				);
				GCC_WARN_64_TO_32_BIT_CONVERSION = YES;
				GCC_WARN_ABOUT_RETURN_TYPE = YES_ERROR;
				GCC_WARN_UNDECLARED_SELECTOR = YES;
				GCC_WARN_UNINITIALIZED_AUTOS = YES_AGGRESSIVE;
				GCC_WARN_UNUSED_FUNCTION = YES;
				GCC_WARN_UNUSED_VARIABLE = YES;
				IPHONEOS_DEPLOYMENT_TARGET = 15.0;
				MTL_ENABLE_DEBUG_INFO = INCLUDE_SOURCE;
				MTL_FAST_MATH = YES;
				ONLY_ACTIVE_ARCH = YES;
				SDKROOT = iphoneos;
				SWIFT_ACTIVE_COMPILATION_CONDITIONS = DEBUG;
				SWIFT_OPTIMIZATION_LEVEL = "-Onone";
			};
			name = Debug;
		};
		973747AE28314EC5000825F5 /* Release */ = {
			isa = XCBuildConfiguration;
			buildSettings = {
				ALWAYS_SEARCH_USER_PATHS = NO;
				CLANG_ANALYZER_NONNULL = YES;
				CLANG_ANALYZER_NUMBER_OBJECT_CONVERSION = YES_AGGRESSIVE;
				CLANG_CXX_LANGUAGE_STANDARD = "gnu++17";
				CLANG_CXX_LIBRARY = "libc++";
				CLANG_ENABLE_MODULES = YES;
				CLANG_ENABLE_OBJC_ARC = YES;
				CLANG_ENABLE_OBJC_WEAK = YES;
				CLANG_WARN_BLOCK_CAPTURE_AUTORELEASING = YES;
				CLANG_WARN_BOOL_CONVERSION = YES;
				CLANG_WARN_COMMA = YES;
				CLANG_WARN_CONSTANT_CONVERSION = YES;
				CLANG_WARN_DEPRECATED_OBJC_IMPLEMENTATIONS = YES;
				CLANG_WARN_DIRECT_OBJC_ISA_USAGE = YES_ERROR;
				CLANG_WARN_DOCUMENTATION_COMMENTS = YES;
				CLANG_WARN_EMPTY_BODY = YES;
				CLANG_WARN_ENUM_CONVERSION = YES;
				CLANG_WARN_INFINITE_RECURSION = YES;
				CLANG_WARN_INT_CONVERSION = YES;
				CLANG_WARN_NON_LITERAL_NULL_CONVERSION = YES;
				CLANG_WARN_OBJC_IMPLICIT_RETAIN_SELF = YES;
				CLANG_WARN_OBJC_LITERAL_CONVERSION = YES;
				CLANG_WARN_OBJC_ROOT_CLASS = YES_ERROR;
				CLANG_WARN_QUOTED_INCLUDE_IN_FRAMEWORK_HEADER = YES;
				CLANG_WARN_RANGE_LOOP_ANALYSIS = YES;
				CLANG_WARN_STRICT_PROTOTYPES = YES;
				CLANG_WARN_SUSPICIOUS_MOVE = YES;
				CLANG_WARN_UNGUARDED_AVAILABILITY = YES_AGGRESSIVE;
				CLANG_WARN_UNREACHABLE_CODE = YES;
				CLANG_WARN__DUPLICATE_METHOD_MATCH = YES;
				COPY_PHASE_STRIP = NO;
				DEBUG_INFORMATION_FORMAT = "dwarf-with-dsym";
				ENABLE_NS_ASSERTIONS = NO;
				ENABLE_STRICT_OBJC_MSGSEND = YES;
				GCC_C_LANGUAGE_STANDARD = gnu11;
				GCC_NO_COMMON_BLOCKS = YES;
				GCC_WARN_64_TO_32_BIT_CONVERSION = YES;
				GCC_WARN_ABOUT_RETURN_TYPE = YES_ERROR;
				GCC_WARN_UNDECLARED_SELECTOR = YES;
				GCC_WARN_UNINITIALIZED_AUTOS = YES_AGGRESSIVE;
				GCC_WARN_UNUSED_FUNCTION = YES;
				GCC_WARN_UNUSED_VARIABLE = YES;
				IPHONEOS_DEPLOYMENT_TARGET = 15.0;
				MTL_ENABLE_DEBUG_INFO = NO;
				MTL_FAST_MATH = YES;
				SDKROOT = iphoneos;
				SWIFT_COMPILATION_MODE = wholemodule;
				SWIFT_OPTIMIZATION_LEVEL = "-O";
				VALIDATE_PRODUCT = YES;
			};
			name = Release;
		};
		973747B028314EC5000825F5 /* Debug */ = {
			isa = XCBuildConfiguration;
			buildSettings = {
				ASSETCATALOG_COMPILER_APPICON_NAME = AppIcon;
				ASSETCATALOG_COMPILER_GLOBAL_ACCENT_COLOR_NAME = AccentColor;
				CODE_SIGN_STYLE = Automatic;
				CURRENT_PROJECT_VERSION = 1;
				DEVELOPMENT_TEAM = 3FA65R7P49;
				GENERATE_INFOPLIST_FILE = YES;
				INFOPLIST_FILE = tryingOperationd.HW21/Info.plist;
				INFOPLIST_KEY_UIApplicationSupportsIndirectInputEvents = YES;
				INFOPLIST_KEY_UILaunchStoryboardName = LaunchScreen;
				INFOPLIST_KEY_UIMainStoryboardFile = Main;
				INFOPLIST_KEY_UISupportedInterfaceOrientations_iPad = "UIInterfaceOrientationPortrait UIInterfaceOrientationPortraitUpsideDown UIInterfaceOrientationLandscapeLeft UIInterfaceOrientationLandscapeRight";
				INFOPLIST_KEY_UISupportedInterfaceOrientations_iPhone = "UIInterfaceOrientationPortrait UIInterfaceOrientationLandscapeLeft UIInterfaceOrientationLandscapeRight";
				LD_RUNPATH_SEARCH_PATHS = (
					"$(inherited)",
					"@executable_path/Frameworks",
				);
				MARKETING_VERSION = 1.0;
				PRODUCT_BUNDLE_IDENTIFIER = "moc.elppa.tryingOperationd-HW21";
				PRODUCT_NAME = "$(TARGET_NAME)";
				SWIFT_EMIT_LOC_STRINGS = YES;
				SWIFT_VERSION = 5.0;
				TARGETED_DEVICE_FAMILY = "1,2";
			};
			name = Debug;
		};
		973747B128314EC5000825F5 /* Release */ = {
			isa = XCBuildConfiguration;
			buildSettings = {
				ASSETCATALOG_COMPILER_APPICON_NAME = AppIcon;
				ASSETCATALOG_COMPILER_GLOBAL_ACCENT_COLOR_NAME = AccentColor;
				CODE_SIGN_STYLE = Automatic;
				CURRENT_PROJECT_VERSION = 1;
				DEVELOPMENT_TEAM = 3FA65R7P49;
				GENERATE_INFOPLIST_FILE = YES;
				INFOPLIST_FILE = tryingOperationd.HW21/Info.plist;
				INFOPLIST_KEY_UIApplicationSupportsIndirectInputEvents = YES;
				INFOPLIST_KEY_UILaunchStoryboardName = LaunchScreen;
				INFOPLIST_KEY_UIMainStoryboardFile = Main;
				INFOPLIST_KEY_UISupportedInterfaceOrientations_iPad = "UIInterfaceOrientationPortrait UIInterfaceOrientationPortraitUpsideDown UIInterfaceOrientationLandscapeLeft UIInterfaceOrientationLandscapeRight";
				INFOPLIST_KEY_UISupportedInterfaceOrientations_iPhone = "UIInterfaceOrientationPortrait UIInterfaceOrientationLandscapeLeft UIInterfaceOrientationLandscapeRight";
				LD_RUNPATH_SEARCH_PATHS = (
					"$(inherited)",
					"@executable_path/Frameworks",
				);
				MARKETING_VERSION = 1.0;
				PRODUCT_BUNDLE_IDENTIFIER = "moc.elppa.tryingOperationd-HW21";
				PRODUCT_NAME = "$(TARGET_NAME)";
				SWIFT_EMIT_LOC_STRINGS = YES;
				SWIFT_VERSION = 5.0;
				TARGETED_DEVICE_FAMILY = "1,2";
			};
			name = Release;
		};
		973747B328314EC5000825F5 /* Debug */ = {
			isa = XCBuildConfiguration;
			buildSettings = {
				ALWAYS_EMBED_SWIFT_STANDARD_LIBRARIES = YES;
				BUNDLE_LOADER = "$(TEST_HOST)";
				CODE_SIGN_STYLE = Automatic;
				CURRENT_PROJECT_VERSION = 1;
				DEVELOPMENT_TEAM = 3FA65R7P49;
				GENERATE_INFOPLIST_FILE = YES;
				IPHONEOS_DEPLOYMENT_TARGET = 15.0;
				LD_RUNPATH_SEARCH_PATHS = (
					"$(inherited)",
					"@executable_path/Frameworks",
					"@loader_path/Frameworks",
				);
				MARKETING_VERSION = 1.0;
				PRODUCT_BUNDLE_IDENTIFIER = "moc.elppa.tryingOperationd-HW21Tests";
				PRODUCT_NAME = "$(TARGET_NAME)";
				SWIFT_EMIT_LOC_STRINGS = NO;
				SWIFT_VERSION = 5.0;
				TARGETED_DEVICE_FAMILY = "1,2";
				TEST_HOST = "$(BUILT_PRODUCTS_DIR)/tryingOperationd.HW21.app/tryingOperationd.HW21";
			};
			name = Debug;
		};
		973747B428314EC5000825F5 /* Release */ = {
			isa = XCBuildConfiguration;
			buildSettings = {
				ALWAYS_EMBED_SWIFT_STANDARD_LIBRARIES = YES;
				BUNDLE_LOADER = "$(TEST_HOST)";
				CODE_SIGN_STYLE = Automatic;
				CURRENT_PROJECT_VERSION = 1;
				DEVELOPMENT_TEAM = 3FA65R7P49;
				GENERATE_INFOPLIST_FILE = YES;
				IPHONEOS_DEPLOYMENT_TARGET = 15.0;
				LD_RUNPATH_SEARCH_PATHS = (
					"$(inherited)",
					"@executable_path/Frameworks",
					"@loader_path/Frameworks",
				);
				MARKETING_VERSION = 1.0;
				PRODUCT_BUNDLE_IDENTIFIER = "moc.elppa.tryingOperationd-HW21Tests";
				PRODUCT_NAME = "$(TARGET_NAME)";
				SWIFT_EMIT_LOC_STRINGS = NO;
				SWIFT_VERSION = 5.0;
				TARGETED_DEVICE_FAMILY = "1,2";
				TEST_HOST = "$(BUILT_PRODUCTS_DIR)/tryingOperationd.HW21.app/tryingOperationd.HW21";
			};
			name = Release;
		};
		973747B628314EC5000825F5 /* Debug */ = {
			isa = XCBuildConfiguration;
			buildSettings = {
				ALWAYS_EMBED_SWIFT_STANDARD_LIBRARIES = YES;
				CODE_SIGN_STYLE = Automatic;
				CURRENT_PROJECT_VERSION = 1;
				DEVELOPMENT_TEAM = 3FA65R7P49;
				GENERATE_INFOPLIST_FILE = YES;
				LD_RUNPATH_SEARCH_PATHS = (
					"$(inherited)",
					"@executable_path/Frameworks",
					"@loader_path/Frameworks",
				);
				MARKETING_VERSION = 1.0;
				PRODUCT_BUNDLE_IDENTIFIER = "moc.elppa.tryingOperationd-HW21UITests";
				PRODUCT_NAME = "$(TARGET_NAME)";
				SWIFT_EMIT_LOC_STRINGS = NO;
				SWIFT_VERSION = 5.0;
				TARGETED_DEVICE_FAMILY = "1,2";
				TEST_TARGET_NAME = tryingOperationd.HW21;
			};
			name = Debug;
		};
		973747B728314EC5000825F5 /* Release */ = {
			isa = XCBuildConfiguration;
			buildSettings = {
				ALWAYS_EMBED_SWIFT_STANDARD_LIBRARIES = YES;
				CODE_SIGN_STYLE = Automatic;
				CURRENT_PROJECT_VERSION = 1;
				DEVELOPMENT_TEAM = 3FA65R7P49;
				GENERATE_INFOPLIST_FILE = YES;
				LD_RUNPATH_SEARCH_PATHS = (
					"$(inherited)",
					"@executable_path/Frameworks",
					"@loader_path/Frameworks",
				);
				MARKETING_VERSION = 1.0;
				PRODUCT_BUNDLE_IDENTIFIER = "moc.elppa.tryingOperationd-HW21UITests";
				PRODUCT_NAME = "$(TARGET_NAME)";
				SWIFT_EMIT_LOC_STRINGS = NO;
				SWIFT_VERSION = 5.0;
				TARGETED_DEVICE_FAMILY = "1,2";
				TEST_TARGET_NAME = tryingOperationd.HW21;
			};
			name = Release;
		};
/* End XCBuildConfiguration section */

/* Begin XCConfigurationList section */
		9737478028314EC3000825F5 /* Build configuration list for PBXProject "tryingOperationd.HW21" */ = {
			isa = XCConfigurationList;
			buildConfigurations = (
				973747AD28314EC5000825F5 /* Debug */,
				973747AE28314EC5000825F5 /* Release */,
			);
			defaultConfigurationIsVisible = 0;
			defaultConfigurationName = Release;
		};
		973747AF28314EC5000825F5 /* Build configuration list for PBXNativeTarget "tryingOperationd.HW21" */ = {
			isa = XCConfigurationList;
			buildConfigurations = (
				973747B028314EC5000825F5 /* Debug */,
				973747B128314EC5000825F5 /* Release */,
			);
			defaultConfigurationIsVisible = 0;
			defaultConfigurationName = Release;
		};
		973747B228314EC5000825F5 /* Build configuration list for PBXNativeTarget "tryingOperationd.HW21Tests" */ = {
			isa = XCConfigurationList;
			buildConfigurations = (
				973747B328314EC5000825F5 /* Debug */,
				973747B428314EC5000825F5 /* Release */,
			);
			defaultConfigurationIsVisible = 0;
			defaultConfigurationName = Release;
		};
		973747B528314EC5000825F5 /* Build configuration list for PBXNativeTarget "tryingOperationd.HW21UITests" */ = {
			isa = XCConfigurationList;
			buildConfigurations = (
				973747B628314EC5000825F5 /* Debug */,
				973747B728314EC5000825F5 /* Release */,
			);
			defaultConfigurationIsVisible = 0;
			defaultConfigurationName = Release;
		};
/* End XCConfigurationList section */
	};
	rootObject = 9737477D28314EC3000825F5 /* Project object */;
}
